
Microsoft Visual Studio Solution File, Format Version 12.00
# Visual Studio Version 17
VisualStudioVersion = 17.14.36327.8
MinimumVisualStudioVersion = 10.0.40219.1
Project("{FAE04EC0-301F-11D3-BF4B-00C04F79EFBC}") = "UserModule", "UserModule.csproj", "{62DF9194-CA73-42B6-91A9-DF5B8DA2130A}"
EndProject
Global
	GlobalSection(SolutionConfigurationPlatforms) = preSolution
		Debug|Any CPU = Debug|Any CPU
		Release|Any CPU = Release|Any CPU
	EndGlobalSection
	GlobalSection(ProjectConfigurationPlatforms) = postSolution
		{62DF9194-CA73-42B6-91A9-DF5B8DA2130A}.Debug|Any CPU.ActiveCfg = Debug|Any CPU
		{62DF9194-CA73-42B6-91A9-DF5B8DA2130A}.Debug|Any CPU.Build.0 = Debug|Any CPU
		{62DF9194-CA73-42B6-91A9-DF5B8DA2130A}.Release|Any CPU.ActiveCfg = Release|Any CPU
		{62DF9194-CA73-42B6-91A9-DF5B8DA2130A}.Release|Any CPU.Build.0 = Release|Any CPU
	EndGlobalSection
	GlobalSection(SolutionProperties) = preSolution
		HideSolutionNode = FALSE
	EndGlobalSection
	GlobalSection(ExtensibilityGlobals) = postSolution
		SolutionGuid = {A9F6C7B7-AEF4-40DA-AF03-424530D4F58D}
	EndGlobalSection
EndGlobal
